// !$*UTF8*$!
{
	archiveVersion = 1;
	classes = {
	};
	objectVersion = 51;
	objects = {

/* Begin PBXBuildFile section */
		19693EC322DB6E6686E6D9AE /* Pods_DecorateYourRoom.framework in Frameworks */ = {isa = PBXBuildFile; fileRef = 911BE7127D16AFD3219FDF49 /* Pods_DecorateYourRoom.framework */; };
		28D523402353A13E005D3A86 /* ModelManager.swift in Sources */ = {isa = PBXBuildFile; fileRef = 28D5233F2353A13E005D3A86 /* ModelManager.swift */; };
		28D523422353A176005D3A86 /* Reticle.swift in Sources */ = {isa = PBXBuildFile; fileRef = 28D523412353A176005D3A86 /* Reticle.swift */; };
		28D8C7B12350026500374835 /* AppDelegate.swift in Sources */ = {isa = PBXBuildFile; fileRef = 28D8C7B02350026500374835 /* AppDelegate.swift */; };
		28D8C7B32350026500374835 /* art.scnassets in Resources */ = {isa = PBXBuildFile; fileRef = 28D8C7B22350026500374835 /* art.scnassets */; };
		28D8C7B52350026500374835 /* ViewController.swift in Sources */ = {isa = PBXBuildFile; fileRef = 28D8C7B42350026500374835 /* ViewController.swift */; };
		28D8C7B82350026500374835 /* Main.storyboard in Resources */ = {isa = PBXBuildFile; fileRef = 28D8C7B62350026500374835 /* Main.storyboard */; };
		28D8C7BA2350026700374835 /* Assets.xcassets in Resources */ = {isa = PBXBuildFile; fileRef = 28D8C7B92350026700374835 /* Assets.xcassets */; };
		28D8C7BD2350026700374835 /* LaunchScreen.storyboard in Resources */ = {isa = PBXBuildFile; fileRef = 28D8C7BB2350026700374835 /* LaunchScreen.storyboard */; };
/* End PBXBuildFile section */

/* Begin PBXFileReference section */
		0C82A6B676D94BB40298C49A /* Pods-DecorateYourRoom.debug.xcconfig */ = {isa = PBXFileReference; includeInIndex = 1; lastKnownFileType = text.xcconfig; name = "Pods-DecorateYourRoom.debug.xcconfig"; path = "Target Support Files/Pods-DecorateYourRoom/Pods-DecorateYourRoom.debug.xcconfig"; sourceTree = "<group>"; };
		28D5233F2353A13E005D3A86 /* ModelManager.swift */ = {isa = PBXFileReference; lastKnownFileType = sourcecode.swift; path = ModelManager.swift; sourceTree = "<group>"; };
		28D523412353A176005D3A86 /* Reticle.swift */ = {isa = PBXFileReference; lastKnownFileType = sourcecode.swift; path = Reticle.swift; sourceTree = "<group>"; };
		28D8C7AD2350026500374835 /* DecorateYourRoom.app */ = {isa = PBXFileReference; explicitFileType = wrapper.application; includeInIndex = 0; path = DecorateYourRoom.app; sourceTree = BUILT_PRODUCTS_DIR; };
		28D8C7B02350026500374835 /* AppDelegate.swift */ = {isa = PBXFileReference; lastKnownFileType = sourcecode.swift; path = AppDelegate.swift; sourceTree = "<group>"; };
		28D8C7B22350026500374835 /* art.scnassets */ = {isa = PBXFileReference; lastKnownFileType = wrapper.scnassets; path = art.scnassets; sourceTree = "<group>"; };
		28D8C7B42350026500374835 /* ViewController.swift */ = {isa = PBXFileReference; lastKnownFileType = sourcecode.swift; path = ViewController.swift; sourceTree = "<group>"; };
		28D8C7B72350026500374835 /* Base */ = {isa = PBXFileReference; lastKnownFileType = file.storyboard; name = Base; path = Base.lproj/Main.storyboard; sourceTree = "<group>"; };
		28D8C7B92350026700374835 /* Assets.xcassets */ = {isa = PBXFileReference; lastKnownFileType = folder.assetcatalog; path = Assets.xcassets; sourceTree = "<group>"; };
		28D8C7BC2350026700374835 /* Base */ = {isa = PBXFileReference; lastKnownFileType = file.storyboard; name = Base; path = Base.lproj/LaunchScreen.storyboard; sourceTree = "<group>"; };
		28D8C7BE2350026700374835 /* Info.plist */ = {isa = PBXFileReference; lastKnownFileType = text.plist.xml; path = Info.plist; sourceTree = "<group>"; };
		86AE14B5290F20D0A9834F1A /* Pods-DecorateYourRoom.release.xcconfig */ = {isa = PBXFileReference; includeInIndex = 1; lastKnownFileType = text.xcconfig; name = "Pods-DecorateYourRoom.release.xcconfig"; path = "Target Support Files/Pods-DecorateYourRoom/Pods-DecorateYourRoom.release.xcconfig"; sourceTree = "<group>"; };
		911BE7127D16AFD3219FDF49 /* Pods_DecorateYourRoom.framework */ = {isa = PBXFileReference; explicitFileType = wrapper.framework; includeInIndex = 0; path = Pods_DecorateYourRoom.framework; sourceTree = BUILT_PRODUCTS_DIR; };
/* End PBXFileReference section */

/* Begin PBXFrameworksBuildPhase section */
		28D8C7AA2350026500374835 /* Frameworks */ = {
			isa = PBXFrameworksBuildPhase;
			buildActionMask = 2147483647;
			files = (
				19693EC322DB6E6686E6D9AE /* Pods_DecorateYourRoom.framework in Frameworks */,
			);
			runOnlyForDeploymentPostprocessing = 0;
		};
/* End PBXFrameworksBuildPhase section */

/* Begin PBXGroup section */
		28D8C7A42350026500374835 = {
			isa = PBXGroup;
			children = (
				28D8C7AF2350026500374835 /* DecorateYourRoom */,
				28D8C7AE2350026500374835 /* Products */,
				794529DFFE1898DC6B9DA71E /* Pods */,
				C29CB5B56E76578A4F493D8F /* Frameworks */,
			);
			sourceTree = "<group>";
		};
		28D8C7AE2350026500374835 /* Products */ = {
			isa = PBXGroup;
			children = (
				28D8C7AD2350026500374835 /* DecorateYourRoom.app */,
			);
			name = Products;
			sourceTree = "<group>";
		};
		28D8C7AF2350026500374835 /* DecorateYourRoom */ = {
			isa = PBXGroup;
			children = (
				28D8C7B02350026500374835 /* AppDelegate.swift */,
				28D8C7B22350026500374835 /* art.scnassets */,
				28D8C7B42350026500374835 /* ViewController.swift */,
				28D8C7B62350026500374835 /* Main.storyboard */,
				28D8C7B92350026700374835 /* Assets.xcassets */,
				28D8C7BB2350026700374835 /* LaunchScreen.storyboard */,
				28D8C7BE2350026700374835 /* Info.plist */,
				28D5233F2353A13E005D3A86 /* ModelManager.swift */,
				28D523412353A176005D3A86 /* Reticle.swift */,
			);
			path = DecorateYourRoom;
			sourceTree = "<group>";
		};
		794529DFFE1898DC6B9DA71E /* Pods */ = {
			isa = PBXGroup;
			children = (
				0C82A6B676D94BB40298C49A /* Pods-DecorateYourRoom.debug.xcconfig */,
				86AE14B5290F20D0A9834F1A /* Pods-DecorateYourRoom.release.xcconfig */,
			);
			name = Pods;
			path = ../Pods;
			sourceTree = "<group>";
		};
		C29CB5B56E76578A4F493D8F /* Frameworks */ = {
			isa = PBXGroup;
			children = (
				911BE7127D16AFD3219FDF49 /* Pods_DecorateYourRoom.framework */,
			);
			name = Frameworks;
			sourceTree = "<group>";
		};
/* End PBXGroup section */

/* Begin PBXNativeTarget section */
		28D8C7AC2350026500374835 /* DecorateYourRoom */ = {
			isa = PBXNativeTarget;
			buildConfigurationList = 28D8C7C12350026700374835 /* Build configuration list for PBXNativeTarget "DecorateYourRoom" */;
			buildPhases = (
				296C5E91B92391CE73B184C3 /* [CP] Check Pods Manifest.lock */,
				28D8C7A92350026500374835 /* Sources */,
				28D8C7AA2350026500374835 /* Frameworks */,
				28D8C7AB2350026500374835 /* Resources */,
				F93737859888FEBB71BFAC6E /* [CP] Embed Pods Frameworks */,
			);
			buildRules = (
			);
			dependencies = (
			);
			name = DecorateYourRoom;
			productName = DecorateYourRoom;
			productReference = 28D8C7AD2350026500374835 /* DecorateYourRoom.app */;
			productType = "com.apple.product-type.application";
		};
/* End PBXNativeTarget section */

/* Begin PBXProject section */
		28D8C7A52350026500374835 /* Project object */ = {
			isa = PBXProject;
			attributes = {
				LastSwiftUpdateCheck = 1020;
				LastUpgradeCheck = 1020;
				ORGANIZATIONNAME = Placenote;
				TargetAttributes = {
					28D8C7AC2350026500374835 = {
						CreatedOnToolsVersion = 10.2.1;
					};
				};
			};
			buildConfigurationList = 28D8C7A82350026500374835 /* Build configuration list for PBXProject "DecorateYourRoom" */;
			compatibilityVersion = "Xcode 9.3";
			developmentRegion = en;
			hasScannedForEncodings = 0;
			knownRegions = (
				en,
				Base,
			);
			mainGroup = 28D8C7A42350026500374835;
			productRefGroup = 28D8C7AE2350026500374835 /* Products */;
			projectDirPath = "";
			projectRoot = "";
			targets = (
				28D8C7AC2350026500374835 /* DecorateYourRoom */,
			);
		};
/* End PBXProject section */

/* Begin PBXResourcesBuildPhase section */
		28D8C7AB2350026500374835 /* Resources */ = {
			isa = PBXResourcesBuildPhase;
			buildActionMask = 2147483647;
			files = (
				28D8C7B32350026500374835 /* art.scnassets in Resources */,
				28D8C7BD2350026700374835 /* LaunchScreen.storyboard in Resources */,
				28D8C7BA2350026700374835 /* Assets.xcassets in Resources */,
				28D8C7B82350026500374835 /* Main.storyboard in Resources */,
			);
			runOnlyForDeploymentPostprocessing = 0;
		};
/* End PBXResourcesBuildPhase section */

/* Begin PBXShellScriptBuildPhase section */
		296C5E91B92391CE73B184C3 /* [CP] Check Pods Manifest.lock */ = {
			isa = PBXShellScriptBuildPhase;
			buildActionMask = 2147483647;
			files = (
			);
			inputFileListPaths = (
			);
			inputPaths = (
				"${PODS_PODFILE_DIR_PATH}/Podfile.lock",
				"${PODS_ROOT}/Manifest.lock",
			);
			name = "[CP] Check Pods Manifest.lock";
			outputFileListPaths = (
			);
			outputPaths = (
				"$(DERIVED_FILE_DIR)/Pods-DecorateYourRoom-checkManifestLockResult.txt",
			);
			runOnlyForDeploymentPostprocessing = 0;
			shellPath = /bin/sh;
			shellScript = "diff \"${PODS_PODFILE_DIR_PATH}/Podfile.lock\" \"${PODS_ROOT}/Manifest.lock\" > /dev/null\nif [ $? != 0 ] ; then\n    # print error to STDERR\n    echo \"error: The sandbox is not in sync with the Podfile.lock. Run 'pod install' or update your CocoaPods installation.\" >&2\n    exit 1\nfi\n# This output is used by Xcode 'outputs' to avoid re-running this script phase.\necho \"SUCCESS\" > \"${SCRIPT_OUTPUT_FILE_0}\"\n";
			showEnvVarsInLog = 0;
		};
		F93737859888FEBB71BFAC6E /* [CP] Embed Pods Frameworks */ = {
			isa = PBXShellScriptBuildPhase;
			buildActionMask = 2147483647;
			files = (
			);
			inputFileListPaths = (
				"${PODS_ROOT}/Target Support Files/Pods-DecorateYourRoom/Pods-DecorateYourRoom-frameworks-${CONFIGURATION}-input-files.xcfilelist",
			);
			name = "[CP] Embed Pods Frameworks";
			outputFileListPaths = (
				"${PODS_ROOT}/Target Support Files/Pods-DecorateYourRoom/Pods-DecorateYourRoom-frameworks-${CONFIGURATION}-output-files.xcfilelist",
			);
			runOnlyForDeploymentPostprocessing = 0;
			shellPath = /bin/sh;
			shellScript = "\"${PODS_ROOT}/Target Support Files/Pods-DecorateYourRoom/Pods-DecorateYourRoom-frameworks.sh\"\n";
			showEnvVarsInLog = 0;
		};
/* End PBXShellScriptBuildPhase section */

/* Begin PBXSourcesBuildPhase section */
		28D8C7A92350026500374835 /* Sources */ = {
			isa = PBXSourcesBuildPhase;
			buildActionMask = 2147483647;
			files = (
				28D523422353A176005D3A86 /* Reticle.swift in Sources */,
				28D8C7B52350026500374835 /* ViewController.swift in Sources */,
				28D523402353A13E005D3A86 /* ModelManager.swift in Sources */,
				28D8C7B12350026500374835 /* AppDelegate.swift in Sources */,
			);
			runOnlyForDeploymentPostprocessing = 0;
		};
/* End PBXSourcesBuildPhase section */

/* Begin PBXVariantGroup section */
		28D8C7B62350026500374835 /* Main.storyboard */ = {
			isa = PBXVariantGroup;
			children = (
				28D8C7B72350026500374835 /* Base */,
			);
			name = Main.storyboard;
			sourceTree = "<group>";
		};
		28D8C7BB2350026700374835 /* LaunchScreen.storyboard */ = {
			isa = PBXVariantGroup;
			children = (
				28D8C7BC2350026700374835 /* Base */,
			);
			name = LaunchScreen.storyboard;
			sourceTree = "<group>";
		};
/* End PBXVariantGroup section */

/* Begin XCBuildConfiguration section */
		28D8C7BF2350026700374835 /* Debug */ = {
			isa = XCBuildConfiguration;
			buildSettings = {
				ALWAYS_SEARCH_USER_PATHS = NO;
				CLANG_ANALYZER_NONNULL = YES;
				CLANG_ANALYZER_NUMBER_OBJECT_CONVERSION = YES_AGGRESSIVE;
				CLANG_CXX_LANGUAGE_STANDARD = "gnu++14";
				CLANG_CXX_LIBRARY = "libc++";
				CLANG_ENABLE_MODULES = YES;
				CLANG_ENABLE_OBJC_ARC = YES;
				CLANG_ENABLE_OBJC_WEAK = YES;
				CLANG_WARN_BLOCK_CAPTURE_AUTORELEASING = YES;
				CLANG_WARN_BOOL_CONVERSION = YES;
				CLANG_WARN_COMMA = YES;
				CLANG_WARN_CONSTANT_CONVERSION = YES;
				CLANG_WARN_DEPRECATED_OBJC_IMPLEMENTATIONS = YES;
				CLANG_WARN_DIRECT_OBJC_ISA_USAGE = YES_ERROR;
				CLANG_WARN_DOCUMENTATION_COMMENTS = YES;
				CLANG_WARN_EMPTY_BODY = YES;
				CLANG_WARN_ENUM_CONVERSION = YES;
				CLANG_WARN_INFINITE_RECURSION = YES;
				CLANG_WARN_INT_CONVERSION = YES;
				CLANG_WARN_NON_LITERAL_NULL_CONVERSION = YES;
				CLANG_WARN_OBJC_IMPLICIT_RETAIN_SELF = YES;
				CLANG_WARN_OBJC_LITERAL_CONVERSION = YES;
				CLANG_WARN_OBJC_ROOT_CLASS = YES_ERROR;
				CLANG_WARN_RANGE_LOOP_ANALYSIS = YES;
				CLANG_WARN_STRICT_PROTOTYPES = YES;
				CLANG_WARN_SUSPICIOUS_MOVE = YES;
				CLANG_WARN_UNGUARDED_AVAILABILITY = YES_AGGRESSIVE;
				CLANG_WARN_UNREACHABLE_CODE = YES;
				CLANG_WARN__DUPLICATE_METHOD_MATCH = YES;
				CODE_SIGN_IDENTITY = "iPhone Developer";
				COPY_PHASE_STRIP = NO;
				DEBUG_INFORMATION_FORMAT = dwarf;
				ENABLE_STRICT_OBJC_MSGSEND = YES;
				ENABLE_TESTABILITY = YES;
				GCC_C_LANGUAGE_STANDARD = gnu11;
				GCC_DYNAMIC_NO_PIC = NO;
				GCC_NO_COMMON_BLOCKS = YES;
				GCC_OPTIMIZATION_LEVEL = 0;
				GCC_PREPROCESSOR_DEFINITIONS = (
					"DEBUG=1",
					"$(inherited)",
				);
				GCC_WARN_64_TO_32_BIT_CONVERSION = YES;
				GCC_WARN_ABOUT_RETURN_TYPE = YES_ERROR;
				GCC_WARN_UNDECLARED_SELECTOR = YES;
				GCC_WARN_UNINITIALIZED_AUTOS = YES_AGGRESSIVE;
				GCC_WARN_UNUSED_FUNCTION = YES;
				GCC_WARN_UNUSED_VARIABLE = YES;
				IPHONEOS_DEPLOYMENT_TARGET = 12.2;
				MTL_ENABLE_DEBUG_INFO = INCLUDE_SOURCE;
				MTL_FAST_MATH = YES;
				ONLY_ACTIVE_ARCH = YES;
				SDKROOT = iphoneos;
				SWIFT_ACTIVE_COMPILATION_CONDITIONS = DEBUG;
				SWIFT_OPTIMIZATION_LEVEL = "-Onone";
			};
			name = Debug;
		};
		28D8C7C02350026700374835 /* Release */ = {
			isa = XCBuildConfiguration;
			buildSettings = {
				ALWAYS_SEARCH_USER_PATHS = NO;
				CLANG_ANALYZER_NONNULL = YES;
				CLANG_ANALYZER_NUMBER_OBJECT_CONVERSION = YES_AGGRESSIVE;
				CLANG_CXX_LANGUAGE_STANDARD = "gnu++14";
				CLANG_CXX_LIBRARY = "libc++";
				CLANG_ENABLE_MODULES = YES;
				CLANG_ENABLE_OBJC_ARC = YES;
				CLANG_ENABLE_OBJC_WEAK = YES;
				CLANG_WARN_BLOCK_CAPTURE_AUTORELEASING = YES;
				CLANG_WARN_BOOL_CONVERSION = YES;
				CLANG_WARN_COMMA = YES;
				CLANG_WARN_CONSTANT_CONVERSION = YES;
				CLANG_WARN_DEPRECATED_OBJC_IMPLEMENTATIONS = YES;
				CLANG_WARN_DIRECT_OBJC_ISA_USAGE = YES_ERROR;
				CLANG_WARN_DOCUMENTATION_COMMENTS = YES;
				CLANG_WARN_EMPTY_BODY = YES;
				CLANG_WARN_ENUM_CONVERSION = YES;
				CLANG_WARN_INFINITE_RECURSION = YES;
				CLANG_WARN_INT_CONVERSION = YES;
				CLANG_WARN_NON_LITERAL_NULL_CONVERSION = YES;
				CLANG_WARN_OBJC_IMPLICIT_RETAIN_SELF = YES;
				CLANG_WARN_OBJC_LITERAL_CONVERSION = YES;
				CLANG_WARN_OBJC_ROOT_CLASS = YES_ERROR;
				CLANG_WARN_RANGE_LOOP_ANALYSIS = YES;
				CLANG_WARN_STRICT_PROTOTYPES = YES;
				CLANG_WARN_SUSPICIOUS_MOVE = YES;
				CLANG_WARN_UNGUARDED_AVAILABILITY = YES_AGGRESSIVE;
				CLANG_WARN_UNREACHABLE_CODE = YES;
				CLANG_WARN__DUPLICATE_METHOD_MATCH = YES;
				CODE_SIGN_IDENTITY = "iPhone Developer";
				COPY_PHASE_STRIP = NO;
				DEBUG_INFORMATION_FORMAT = "dwarf-with-dsym";
				ENABLE_NS_ASSERTIONS = NO;
				ENABLE_STRICT_OBJC_MSGSEND = YES;
				GCC_C_LANGUAGE_STANDARD = gnu11;
				GCC_NO_COMMON_BLOCKS = YES;
				GCC_WARN_64_TO_32_BIT_CONVERSION = YES;
				GCC_WARN_ABOUT_RETURN_TYPE = YES_ERROR;
				GCC_WARN_UNDECLARED_SELECTOR = YES;
				GCC_WARN_UNINITIALIZED_AUTOS = YES_AGGRESSIVE;
				GCC_WARN_UNUSED_FUNCTION = YES;
				GCC_WARN_UNUSED_VARIABLE = YES;
				IPHONEOS_DEPLOYMENT_TARGET = 12.2;
				MTL_ENABLE_DEBUG_INFO = NO;
				MTL_FAST_MATH = YES;
				SDKROOT = iphoneos;
				SWIFT_COMPILATION_MODE = wholemodule;
				SWIFT_OPTIMIZATION_LEVEL = "-O";
				VALIDATE_PRODUCT = YES;
			};
			name = Release;
		};
		28D8C7C22350026700374835 /* Debug */ = {
			isa = XCBuildConfiguration;
			baseConfigurationReference = 0C82A6B676D94BB40298C49A /* Pods-DecorateYourRoom.debug.xcconfig */;
			buildSettings = {
				ASSETCATALOG_COMPILER_APPICON_NAME = AppIcon;
				CODE_SIGN_STYLE = Automatic;
				DEVELOPMENT_TEAM = 76PMXP42RV;
				ENABLE_BITCODE = NO;
				INFOPLIST_FILE = DecorateYourRoom/Info.plist;
				LD_RUNPATH_SEARCH_PATHS = (
					"$(inherited)",
					"@executable_path/Frameworks",
				);
				PRODUCT_BUNDLE_IDENTIFIER = com.placenote.DecorateYourRoom;
				PRODUCT_NAME = "$(TARGET_NAME)";
				SWIFT_VERSION = 5.0;
				TARGETED_DEVICE_FAMILY = "1,2";
			};
			name = Debug;
		};
		28D8C7C32350026700374835 /* Release */ = {
			isa = XCBuildConfiguration;
			baseConfigurationReference = 86AE14B5290F20D0A9834F1A /* Pods-DecorateYourRoom.release.xcconfig */;
			buildSettings = {
				ASSETCATALOG_COMPILER_APPICON_NAME = AppIcon;
				CODE_SIGN_STYLE = Automatic;
				DEVELOPMENT_TEAM = 76PMXP42RV;
				ENABLE_BITCODE = NO;
				INFOPLIST_FILE = DecorateYourRoom/Info.plist;
				LD_RUNPATH_SEARCH_PATHS = (
					"$(inherited)",
					"@executable_path/Frameworks",
				);
				PRODUCT_BUNDLE_IDENTIFIER = com.placenote.DecorateYourRoom;
				PRODUCT_NAME = "$(TARGET_NAME)";
				SWIFT_VERSION = 5.0;
				TARGETED_DEVICE_FAMILY = "1,2";
			};
			name = Release;
		};
/* End XCBuildConfiguration section */

/* Begin XCConfigurationList section */
		28D8C7A82350026500374835 /* Build configuration list for PBXProject "DecorateYourRoom" */ = {
			isa = XCConfigurationList;
			buildConfigurations = (
				28D8C7BF2350026700374835 /* Debug */,
				28D8C7C02350026700374835 /* Release */,
			);
			defaultConfigurationIsVisible = 0;
			defaultConfigurationName = Release;
		};
		28D8C7C12350026700374835 /* Build configuration list for PBXNativeTarget "DecorateYourRoom" */ = {
			isa = XCConfigurationList;
			buildConfigurations = (
				28D8C7C22350026700374835 /* Debug */,
				28D8C7C32350026700374835 /* Release */,
			);
			defaultConfigurationIsVisible = 0;
			defaultConfigurationName = Release;
		};
/* End XCConfigurationList section */
	};
	rootObject = 28D8C7A52350026500374835 /* Project object */;
}
