// !$*UTF8*$!
{
	archiveVersion = 1;
	classes = {
	};
	objectVersion = 48;
	objects = {

/* Begin PBXBuildFile section */
		2A08D58B20053FDA00D7F0CE /* FeaturePointVisualizer.swift in Sources */ = {isa = PBXBuildFile; fileRef = 2A08D58A20053FDA00D7F0CE /* FeaturePointVisualizer.swift */; };
		2A08D58D20054BC900D7F0CE /* CameraManager.swift in Sources */ = {isa = PBXBuildFile; fileRef = 2A08D58C20054BC900D7F0CE /* CameraManager.swift */; };
		2AA0A2451FEB7EC400F4944D /* AssetsLibrary.framework in Frameworks */ = {isa = PBXBuildFile; fileRef = 2AA0A2441FEB7EB900F4944D /* AssetsLibrary.framework */; };
		2AFFA66420068963000239D3 /* MulticastDelegate.swift in Sources */ = {isa = PBXBuildFile; fileRef = 2AFFA66320068963000239D3 /* MulticastDelegate.swift */; };
		A2BB047C200FE340005A9E5F /* Placenote.framework in Frameworks */ = {isa = PBXBuildFile; fileRef = A2BB047B200FE340005A9E5F /* Placenote.framework */; };
		A2BB047D200FE3A5005A9E5F /* Placenote.framework in CopyFiles */ = {isa = PBXBuildFile; fileRef = A2BB047B200FE340005A9E5F /* Placenote.framework */; settings = {ATTRIBUTES = (CodeSignOnCopy, RemoveHeadersOnCopy, ); }; };
		AF4A60311FEA379E00CE91D9 /* ShapeManager.swift in Sources */ = {isa = PBXBuildFile; fileRef = AF4A60301FEA379E00CE91D9 /* ShapeManager.swift */; };
		AF5C90992008200A005F3090 /* Data.bin in Resources */ = {isa = PBXBuildFile; fileRef = AF5C90982008200A005F3090 /* Data.bin */; };
		AF7A14A41F5A00AE00E0507A /* AppDelegate.swift in Sources */ = {isa = PBXBuildFile; fileRef = AF7A14A31F5A00AE00E0507A /* AppDelegate.swift */; };
		AF7A14AB1F5A00AE00E0507A /* Main.storyboard in Resources */ = {isa = PBXBuildFile; fileRef = AF7A14A91F5A00AE00E0507A /* Main.storyboard */; };
		AF7A14AD1F5A00AE00E0507A /* Assets.xcassets in Resources */ = {isa = PBXBuildFile; fileRef = AF7A14AC1F5A00AE00E0507A /* Assets.xcassets */; };
		AF7A14B01F5A00AE00E0507A /* LaunchScreen.storyboard in Resources */ = {isa = PBXBuildFile; fileRef = AF7A14AE1F5A00AE00E0507A /* LaunchScreen.storyboard */; };
		AF7A14D41F5A15E200E0507A /* ShapeType.swift in Sources */ = {isa = PBXBuildFile; fileRef = AF7A14D31F5A15E100E0507A /* ShapeType.swift */; };
		AFEE511A1FF56370004AEFEE /* ViewController.swift in Sources */ = {isa = PBXBuildFile; fileRef = AFEE51191FF56370004AEFEE /* ViewController.swift */; };
		AFEE511C1FF563C1004AEFEE /* LibPlacenote.swift in Sources */ = {isa = PBXBuildFile; fileRef = AFEE511B1FF563C1004AEFEE /* LibPlacenote.swift */; };
/* End PBXBuildFile section */

/* Begin PBXContainerItemProxy section */
		AF7A14B71F5A00AE00E0507A /* PBXContainerItemProxy */ = {
			isa = PBXContainerItemProxy;
			containerPortal = AF7A14981F5A00AE00E0507A /* Project object */;
			proxyType = 1;
			remoteGlobalIDString = AF7A149F1F5A00AE00E0507A;
			remoteInfo = PunchAR;
		};
		AF7A14C21F5A00AE00E0507A /* PBXContainerItemProxy */ = {
			isa = PBXContainerItemProxy;
			containerPortal = AF7A14981F5A00AE00E0507A /* Project object */;
			proxyType = 1;
			remoteGlobalIDString = AF7A149F1F5A00AE00E0507A;
			remoteInfo = PunchAR;
		};
/* End PBXContainerItemProxy section */

/* Begin PBXCopyFilesBuildPhase section */
		A291F6A3200E888B000883C3 /* CopyFiles */ = {
			isa = PBXCopyFilesBuildPhase;
			buildActionMask = 2147483647;
			dstPath = "";
			dstSubfolderSpec = 10;
			files = (
				A2BB047D200FE3A5005A9E5F /* Placenote.framework in CopyFiles */,
			);
			runOnlyForDeploymentPostprocessing = 0;
		};
/* End PBXCopyFilesBuildPhase section */

/* Begin PBXFileReference section */
		2A08D58A20053FDA00D7F0CE /* FeaturePointVisualizer.swift */ = {isa = PBXFileReference; fileEncoding = 4; lastKnownFileType = sourcecode.swift; path = FeaturePointVisualizer.swift; sourceTree = "<group>"; };
		2A08D58C20054BC900D7F0CE /* CameraManager.swift */ = {isa = PBXFileReference; lastKnownFileType = sourcecode.swift; path = CameraManager.swift; sourceTree = "<group>"; };
		2AA0A2441FEB7EB900F4944D /* AssetsLibrary.framework */ = {isa = PBXFileReference; lastKnownFileType = wrapper.framework; name = AssetsLibrary.framework; path = System/Library/Frameworks/AssetsLibrary.framework; sourceTree = SDKROOT; };
		2AFFA65F200563DB000239D3 /* libstdc++.tbd */ = {isa = PBXFileReference; lastKnownFileType = "sourcecode.text-based-dylib-definition"; name = "libstdc++.tbd"; path = "usr/lib/libstdc++.tbd"; sourceTree = SDKROOT; };
		2AFFA66320068963000239D3 /* MulticastDelegate.swift */ = {isa = PBXFileReference; fileEncoding = 4; lastKnownFileType = sourcecode.swift; path = MulticastDelegate.swift; sourceTree = "<group>"; };
		A2BB047B200FE340005A9E5F /* Placenote.framework */ = {isa = PBXFileReference; lastKnownFileType = wrapper.framework; path = Placenote.framework; sourceTree = "<group>"; };
		AF4A60301FEA379E00CE91D9 /* ShapeManager.swift */ = {isa = PBXFileReference; fileEncoding = 4; lastKnownFileType = sourcecode.swift; path = ShapeManager.swift; sourceTree = "<group>"; };
		AF5C90982008200A005F3090 /* Data.bin */ = {isa = PBXFileReference; lastKnownFileType = archive.macbinary; path = Data.bin; sourceTree = "<group>"; };
		AF7A14A01F5A00AE00E0507A /* PlacenoteSDK.app */ = {isa = PBXFileReference; explicitFileType = wrapper.application; includeInIndex = 0; path = PlacenoteSDK.app; sourceTree = BUILT_PRODUCTS_DIR; };
		AF7A14A31F5A00AE00E0507A /* AppDelegate.swift */ = {isa = PBXFileReference; lastKnownFileType = sourcecode.swift; path = AppDelegate.swift; sourceTree = "<group>"; };
		AF7A14AA1F5A00AE00E0507A /* Base */ = {isa = PBXFileReference; lastKnownFileType = file.storyboard; name = Base; path = Base.lproj/Main.storyboard; sourceTree = "<group>"; };
		AF7A14AC1F5A00AE00E0507A /* Assets.xcassets */ = {isa = PBXFileReference; lastKnownFileType = folder.assetcatalog; path = Assets.xcassets; sourceTree = "<group>"; };
		AF7A14AF1F5A00AE00E0507A /* Base */ = {isa = PBXFileReference; lastKnownFileType = file.storyboard; name = Base; path = Base.lproj/LaunchScreen.storyboard; sourceTree = "<group>"; };
		AF7A14B11F5A00AE00E0507A /* Info.plist */ = {isa = PBXFileReference; lastKnownFileType = text.plist.xml; path = Info.plist; sourceTree = "<group>"; };
		AF7A14B61F5A00AE00E0507A /* PlacenoteSDKTests.xctest */ = {isa = PBXFileReference; explicitFileType = wrapper.cfbundle; includeInIndex = 0; path = PlacenoteSDKTests.xctest; sourceTree = BUILT_PRODUCTS_DIR; };
		AF7A14C11F5A00AE00E0507A /* PlacenoteSDKUITests.xctest */ = {isa = PBXFileReference; explicitFileType = wrapper.cfbundle; includeInIndex = 0; path = PlacenoteSDKUITests.xctest; sourceTree = BUILT_PRODUCTS_DIR; };
		AF7A14D31F5A15E100E0507A /* ShapeType.swift */ = {isa = PBXFileReference; lastKnownFileType = sourcecode.swift; path = ShapeType.swift; sourceTree = "<group>"; };
		AFEE51181FEA3D6F004AEFEE /* PlacenoteSDK-Bridging-Header.h */ = {isa = PBXFileReference; fileEncoding = 4; lastKnownFileType = sourcecode.c.h; path = "PlacenoteSDK-Bridging-Header.h"; sourceTree = "<group>"; };
		AFEE51191FF56370004AEFEE /* ViewController.swift */ = {isa = PBXFileReference; fileEncoding = 4; indentWidth = 2; lastKnownFileType = sourcecode.swift; path = ViewController.swift; sourceTree = "<group>"; tabWidth = 2; };
		AFEE511B1FF563C1004AEFEE /* LibPlacenote.swift */ = {isa = PBXFileReference; fileEncoding = 4; lastKnownFileType = sourcecode.swift; path = LibPlacenote.swift; sourceTree = "<group>"; };
/* End PBXFileReference section */

/* Begin PBXFrameworksBuildPhase section */
		AF7A149D1F5A00AE00E0507A /* Frameworks */ = {
			isa = PBXFrameworksBuildPhase;
			buildActionMask = 2147483647;
			files = (
				A2BB047C200FE340005A9E5F /* Placenote.framework in Frameworks */,
				2AA0A2451FEB7EC400F4944D /* AssetsLibrary.framework in Frameworks */,
			);
			runOnlyForDeploymentPostprocessing = 0;
		};
		AF7A14B31F5A00AE00E0507A /* Frameworks */ = {
			isa = PBXFrameworksBuildPhase;
			buildActionMask = 2147483647;
			files = (
			);
			runOnlyForDeploymentPostprocessing = 0;
		};
		AF7A14BE1F5A00AE00E0507A /* Frameworks */ = {
			isa = PBXFrameworksBuildPhase;
			buildActionMask = 2147483647;
			files = (
			);
			runOnlyForDeploymentPostprocessing = 0;
		};
/* End PBXFrameworksBuildPhase section */

/* Begin PBXGroup section */
		2ADDEB971FE8647B00A7F317 /* Frameworks */ = {
			isa = PBXGroup;
			children = (
				2AFFA65F200563DB000239D3 /* libstdc++.tbd */,
				2AA0A2441FEB7EB900F4944D /* AssetsLibrary.framework */,
			);
			name = Frameworks;
			sourceTree = "<group>";
		};
		AF7A14971F5A00AE00E0507A = {
			isa = PBXGroup;
			children = (
				AF7A14A21F5A00AE00E0507A /* PlacenoteSDK */,
				AF7A14A11F5A00AE00E0507A /* Products */,
				2ADDEB971FE8647B00A7F317 /* Frameworks */,
			);
			sourceTree = "<group>";
		};
		AF7A14A11F5A00AE00E0507A /* Products */ = {
			isa = PBXGroup;
			children = (
				AF7A14A01F5A00AE00E0507A /* PlacenoteSDK.app */,
				AF7A14B61F5A00AE00E0507A /* PlacenoteSDKTests.xctest */,
				AF7A14C11F5A00AE00E0507A /* PlacenoteSDKUITests.xctest */,
			);
			name = Products;
			sourceTree = "<group>";
		};
		AF7A14A21F5A00AE00E0507A /* PlacenoteSDK */ = {
			isa = PBXGroup;
			children = (
				AFEE51191FF56370004AEFEE /* ViewController.swift */,
				AFEE51181FEA3D6F004AEFEE /* PlacenoteSDK-Bridging-Header.h */,
				AFEE510D1FEA3D47004AEFEE /* PNSDK */,
				AF4A60301FEA379E00CE91D9 /* ShapeManager.swift */,
				AF7A14A31F5A00AE00E0507A /* AppDelegate.swift */,
				AF7A14A91F5A00AE00E0507A /* Main.storyboard */,
				AF7A14AC1F5A00AE00E0507A /* Assets.xcassets */,
				AF7A14AE1F5A00AE00E0507A /* LaunchScreen.storyboard */,
				AF7A14B11F5A00AE00E0507A /* Info.plist */,
				AF7A14D31F5A15E100E0507A /* ShapeType.swift */,
			);
			path = PlacenoteSDK;
			sourceTree = "<group>";
		};
		AFEE510D1FEA3D47004AEFEE /* PNSDK */ = {
			isa = PBXGroup;
			children = (
				A2BB047B200FE340005A9E5F /* Placenote.framework */,
				AF5C90982008200A005F3090 /* Data.bin */,
				2AFFA66320068963000239D3 /* MulticastDelegate.swift */,
				2A08D58A20053FDA00D7F0CE /* FeaturePointVisualizer.swift */,
				AFEE511B1FF563C1004AEFEE /* LibPlacenote.swift */,
				2A08D58C20054BC900D7F0CE /* CameraManager.swift */,
			);
			path = PNSDK;
			sourceTree = "<group>";
		};
/* End PBXGroup section */

/* Begin PBXNativeTarget section */
		AF7A149F1F5A00AE00E0507A /* PlacenoteSDK */ = {
			isa = PBXNativeTarget;
			buildConfigurationList = AF7A14CA1F5A00AE00E0507A /* Build configuration list for PBXNativeTarget "PlacenoteSDK" */;
			buildPhases = (
				AF7A149C1F5A00AE00E0507A /* Sources */,
				AF7A149D1F5A00AE00E0507A /* Frameworks */,
				AF7A149E1F5A00AE00E0507A /* Resources */,
				A291F6A3200E888B000883C3 /* CopyFiles */,
			);
			buildRules = (
			);
			dependencies = (
			);
			name = PlacenoteSDK;
			productName = PunchAR;
			productReference = AF7A14A01F5A00AE00E0507A /* PlacenoteSDK.app */;
			productType = "com.apple.product-type.application";
		};
		AF7A14B51F5A00AE00E0507A /* PlacenoteSDKTests */ = {
			isa = PBXNativeTarget;
			buildConfigurationList = AF7A14CD1F5A00AE00E0507A /* Build configuration list for PBXNativeTarget "PlacenoteSDKTests" */;
			buildPhases = (
				AF7A14B21F5A00AE00E0507A /* Sources */,
				AF7A14B31F5A00AE00E0507A /* Frameworks */,
				AF7A14B41F5A00AE00E0507A /* Resources */,
			);
			buildRules = (
			);
			dependencies = (
				AF7A14B81F5A00AE00E0507A /* PBXTargetDependency */,
			);
			name = PlacenoteSDKTests;
			productName = PunchARTests;
			productReference = AF7A14B61F5A00AE00E0507A /* PlacenoteSDKTests.xctest */;
			productType = "com.apple.product-type.bundle.unit-test";
		};
		AF7A14C01F5A00AE00E0507A /* PlacenoteSDKUITests */ = {
			isa = PBXNativeTarget;
			buildConfigurationList = AF7A14D01F5A00AE00E0507A /* Build configuration list for PBXNativeTarget "PlacenoteSDKUITests" */;
			buildPhases = (
				AF7A14BD1F5A00AE00E0507A /* Sources */,
				AF7A14BE1F5A00AE00E0507A /* Frameworks */,
				AF7A14BF1F5A00AE00E0507A /* Resources */,
			);
			buildRules = (
			);
			dependencies = (
				AF7A14C31F5A00AE00E0507A /* PBXTargetDependency */,
			);
			name = PlacenoteSDKUITests;
			productName = PunchARUITests;
			productReference = AF7A14C11F5A00AE00E0507A /* PlacenoteSDKUITests.xctest */;
			productType = "com.apple.product-type.bundle.ui-testing";
		};
/* End PBXNativeTarget section */

/* Begin PBXProject section */
		AF7A14981F5A00AE00E0507A /* Project object */ = {
			isa = PBXProject;
			attributes = {
				LastSwiftUpdateCheck = 0900;
				LastUpgradeCheck = 0900;
				ORGANIZATIONNAME = "Vertical AI";
				TargetAttributes = {
					AF7A149F1F5A00AE00E0507A = {
						CreatedOnToolsVersion = 9.0;
						LastSwiftMigration = 0910;
					};
					AF7A14B51F5A00AE00E0507A = {
						CreatedOnToolsVersion = 9.0;
						TestTargetID = AF7A149F1F5A00AE00E0507A;
					};
					AF7A14C01F5A00AE00E0507A = {
						CreatedOnToolsVersion = 9.0;
						TestTargetID = AF7A149F1F5A00AE00E0507A;
					};
				};
			};
			buildConfigurationList = AF7A149B1F5A00AE00E0507A /* Build configuration list for PBXProject "PlacenoteSDK" */;
			compatibilityVersion = "Xcode 8.0";
			developmentRegion = en;
			hasScannedForEncodings = 0;
			knownRegions = (
				en,
				Base,
			);
			mainGroup = AF7A14971F5A00AE00E0507A;
			productRefGroup = AF7A14A11F5A00AE00E0507A /* Products */;
			projectDirPath = "";
			projectRoot = "";
			targets = (
				AF7A149F1F5A00AE00E0507A /* PlacenoteSDK */,
				AF7A14B51F5A00AE00E0507A /* PlacenoteSDKTests */,
				AF7A14C01F5A00AE00E0507A /* PlacenoteSDKUITests */,
			);
		};
/* End PBXProject section */

/* Begin PBXResourcesBuildPhase section */
		AF7A149E1F5A00AE00E0507A /* Resources */ = {
			isa = PBXResourcesBuildPhase;
			buildActionMask = 2147483647;
			files = (
				AF7A14B01F5A00AE00E0507A /* LaunchScreen.storyboard in Resources */,
				AF5C90992008200A005F3090 /* Data.bin in Resources */,
				AF7A14AD1F5A00AE00E0507A /* Assets.xcassets in Resources */,
				AF7A14AB1F5A00AE00E0507A /* Main.storyboard in Resources */,
			);
			runOnlyForDeploymentPostprocessing = 0;
		};
		AF7A14B41F5A00AE00E0507A /* Resources */ = {
			isa = PBXResourcesBuildPhase;
			buildActionMask = 2147483647;
			files = (
			);
			runOnlyForDeploymentPostprocessing = 0;
		};
		AF7A14BF1F5A00AE00E0507A /* Resources */ = {
			isa = PBXResourcesBuildPhase;
			buildActionMask = 2147483647;
			files = (
			);
			runOnlyForDeploymentPostprocessing = 0;
		};
/* End PBXResourcesBuildPhase section */

/* Begin PBXSourcesBuildPhase section */
		AF7A149C1F5A00AE00E0507A /* Sources */ = {
			isa = PBXSourcesBuildPhase;
			buildActionMask = 2147483647;
			files = (
				2A08D58B20053FDA00D7F0CE /* FeaturePointVisualizer.swift in Sources */,
				2A08D58D20054BC900D7F0CE /* CameraManager.swift in Sources */,
				AF4A60311FEA379E00CE91D9 /* ShapeManager.swift in Sources */,
				2AFFA66420068963000239D3 /* MulticastDelegate.swift in Sources */,
				AF7A14D41F5A15E200E0507A /* ShapeType.swift in Sources */,
				AFEE511A1FF56370004AEFEE /* ViewController.swift in Sources */,
				AFEE511C1FF563C1004AEFEE /* LibPlacenote.swift in Sources */,
				AF7A14A41F5A00AE00E0507A /* AppDelegate.swift in Sources */,
			);
			runOnlyForDeploymentPostprocessing = 0;
		};
		AF7A14B21F5A00AE00E0507A /* Sources */ = {
			isa = PBXSourcesBuildPhase;
			buildActionMask = 2147483647;
			files = (
			);
			runOnlyForDeploymentPostprocessing = 0;
		};
		AF7A14BD1F5A00AE00E0507A /* Sources */ = {
			isa = PBXSourcesBuildPhase;
			buildActionMask = 2147483647;
			files = (
			);
			runOnlyForDeploymentPostprocessing = 0;
		};
/* End PBXSourcesBuildPhase section */

/* Begin PBXTargetDependency section */
		AF7A14B81F5A00AE00E0507A /* PBXTargetDependency */ = {
			isa = PBXTargetDependency;
			target = AF7A149F1F5A00AE00E0507A /* PlacenoteSDK */;
			targetProxy = AF7A14B71F5A00AE00E0507A /* PBXContainerItemProxy */;
		};
		AF7A14C31F5A00AE00E0507A /* PBXTargetDependency */ = {
			isa = PBXTargetDependency;
			target = AF7A149F1F5A00AE00E0507A /* PlacenoteSDK */;
			targetProxy = AF7A14C21F5A00AE00E0507A /* PBXContainerItemProxy */;
		};
/* End PBXTargetDependency section */

/* Begin PBXVariantGroup section */
		AF7A14A91F5A00AE00E0507A /* Main.storyboard */ = {
			isa = PBXVariantGroup;
			children = (
				AF7A14AA1F5A00AE00E0507A /* Base */,
			);
			name = Main.storyboard;
			sourceTree = "<group>";
		};
		AF7A14AE1F5A00AE00E0507A /* LaunchScreen.storyboard */ = {
			isa = PBXVariantGroup;
			children = (
				AF7A14AF1F5A00AE00E0507A /* Base */,
			);
			name = LaunchScreen.storyboard;
			sourceTree = "<group>";
		};
/* End PBXVariantGroup section */

/* Begin XCBuildConfiguration section */
		AF7A14C81F5A00AE00E0507A /* Debug */ = {
			isa = XCBuildConfiguration;
			buildSettings = {
				ALWAYS_SEARCH_USER_PATHS = NO;
				CLANG_ANALYZER_NONNULL = YES;
				CLANG_ANALYZER_NUMBER_OBJECT_CONVERSION = YES_AGGRESSIVE;
				CLANG_CXX_LANGUAGE_STANDARD = "gnu++14";
				CLANG_CXX_LIBRARY = "libc++";
				CLANG_ENABLE_MODULES = YES;
				CLANG_ENABLE_OBJC_ARC = YES;
				CLANG_WARN_BLOCK_CAPTURE_AUTORELEASING = YES;
				CLANG_WARN_BOOL_CONVERSION = YES;
				CLANG_WARN_COMMA = YES;
				CLANG_WARN_CONSTANT_CONVERSION = YES;
				CLANG_WARN_CXX0X_EXTENSIONS = YES;
				CLANG_WARN_DIRECT_OBJC_ISA_USAGE = YES_ERROR;
				CLANG_WARN_DOCUMENTATION_COMMENTS = YES;
				CLANG_WARN_EMPTY_BODY = YES;
				CLANG_WARN_ENUM_CONVERSION = YES;
				CLANG_WARN_INFINITE_RECURSION = YES;
				CLANG_WARN_INT_CONVERSION = YES;
				CLANG_WARN_OBJC_ROOT_CLASS = YES_ERROR;
				CLANG_WARN_RANGE_LOOP_ANALYSIS = YES;
				CLANG_WARN_STRICT_PROTOTYPES = YES;
				CLANG_WARN_SUSPICIOUS_MOVE = YES;
				CLANG_WARN_UNGUARDED_AVAILABILITY = YES_AGGRESSIVE;
				CLANG_WARN_UNREACHABLE_CODE = YES;
				CLANG_WARN__DUPLICATE_METHOD_MATCH = YES;
				CODE_SIGN_IDENTITY = "iPhone Developer";
				COPY_PHASE_STRIP = NO;
				DEBUG_INFORMATION_FORMAT = dwarf;
				ENABLE_STRICT_OBJC_MSGSEND = YES;
				ENABLE_TESTABILITY = YES;
				GCC_C_LANGUAGE_STANDARD = gnu11;
				GCC_DYNAMIC_NO_PIC = NO;
				GCC_NO_COMMON_BLOCKS = YES;
				GCC_OPTIMIZATION_LEVEL = 0;
				GCC_PREPROCESSOR_DEFINITIONS = (
					"DEBUG=1",
					"$(inherited)",
				);
				GCC_WARN_64_TO_32_BIT_CONVERSION = YES;
				GCC_WARN_ABOUT_RETURN_TYPE = YES_ERROR;
				GCC_WARN_UNDECLARED_SELECTOR = YES;
				GCC_WARN_UNINITIALIZED_AUTOS = YES_AGGRESSIVE;
				GCC_WARN_UNUSED_FUNCTION = YES;
				GCC_WARN_UNUSED_VARIABLE = YES;
				IPHONEOS_DEPLOYMENT_TARGET = 11.0;
				MTL_ENABLE_DEBUG_INFO = YES;
				ONLY_ACTIVE_ARCH = YES;
				OTHER_LDFLAGS = "";
				SDKROOT = iphoneos;
				SWIFT_ACTIVE_COMPILATION_CONDITIONS = DEBUG;
				SWIFT_OPTIMIZATION_LEVEL = "-Onone";
			};
			name = Debug;
		};
		AF7A14C91F5A00AE00E0507A /* Release */ = {
			isa = XCBuildConfiguration;
			buildSettings = {
				ALWAYS_SEARCH_USER_PATHS = NO;
				CLANG_ANALYZER_NONNULL = YES;
				CLANG_ANALYZER_NUMBER_OBJECT_CONVERSION = YES_AGGRESSIVE;
				CLANG_CXX_LANGUAGE_STANDARD = "gnu++14";
				CLANG_CXX_LIBRARY = "libc++";
				CLANG_ENABLE_MODULES = YES;
				CLANG_ENABLE_OBJC_ARC = YES;
				CLANG_WARN_BLOCK_CAPTURE_AUTORELEASING = YES;
				CLANG_WARN_BOOL_CONVERSION = YES;
				CLANG_WARN_COMMA = YES;
				CLANG_WARN_CONSTANT_CONVERSION = YES;
				CLANG_WARN_CXX0X_EXTENSIONS = YES;
				CLANG_WARN_DIRECT_OBJC_ISA_USAGE = YES_ERROR;
				CLANG_WARN_DOCUMENTATION_COMMENTS = YES;
				CLANG_WARN_EMPTY_BODY = YES;
				CLANG_WARN_ENUM_CONVERSION = YES;
				CLANG_WARN_INFINITE_RECURSION = YES;
				CLANG_WARN_INT_CONVERSION = YES;
				CLANG_WARN_OBJC_ROOT_CLASS = YES_ERROR;
				CLANG_WARN_RANGE_LOOP_ANALYSIS = YES;
				CLANG_WARN_STRICT_PROTOTYPES = YES;
				CLANG_WARN_SUSPICIOUS_MOVE = YES;
				CLANG_WARN_UNGUARDED_AVAILABILITY = YES_AGGRESSIVE;
				CLANG_WARN_UNREACHABLE_CODE = YES;
				CLANG_WARN__DUPLICATE_METHOD_MATCH = YES;
				CODE_SIGN_IDENTITY = "iPhone Developer";
				COPY_PHASE_STRIP = NO;
				DEBUG_INFORMATION_FORMAT = "dwarf-with-dsym";
				ENABLE_NS_ASSERTIONS = NO;
				ENABLE_STRICT_OBJC_MSGSEND = YES;
				GCC_C_LANGUAGE_STANDARD = gnu11;
				GCC_NO_COMMON_BLOCKS = YES;
				GCC_WARN_64_TO_32_BIT_CONVERSION = YES;
				GCC_WARN_ABOUT_RETURN_TYPE = YES_ERROR;
				GCC_WARN_UNDECLARED_SELECTOR = YES;
				GCC_WARN_UNINITIALIZED_AUTOS = YES_AGGRESSIVE;
				GCC_WARN_UNUSED_FUNCTION = YES;
				GCC_WARN_UNUSED_VARIABLE = YES;
				IPHONEOS_DEPLOYMENT_TARGET = 11.0;
				MTL_ENABLE_DEBUG_INFO = NO;
				OTHER_LDFLAGS = "";
				SDKROOT = iphoneos;
				SWIFT_OPTIMIZATION_LEVEL = "-Owholemodule";
				VALIDATE_PRODUCT = YES;
			};
			name = Release;
		};
		AF7A14CB1F5A00AE00E0507A /* Debug */ = {
			isa = XCBuildConfiguration;
			buildSettings = {
				ARCHS = arm64;
				ASSETCATALOG_COMPILER_APPICON_NAME = AppIcon;
				CLANG_ENABLE_MODULES = YES;
				DEVELOPMENT_TEAM = 76PMXP42RV;
				ENABLE_BITCODE = NO;
				FRAMEWORK_SEARCH_PATHS = (
					"$(inherited)",
					"$(PROJECT_DIR)/Frameworks",
					"$(PROJECT_DIR)/PlacenoteSDK/PNSDK",
				);
				HEADER_SEARCH_PATHS = "$(PROJECT_DIR)/PlacenoteSDK/PNSDK/Placenote.framework/Headers/";
				INFOPLIST_FILE = PlacenoteSDK/Info.plist;
				LD_RUNPATH_SEARCH_PATHS = "$(inherited) @executable_path/Frameworks";
				LIBRARY_SEARCH_PATHS = (
					"$(inherited)",
					"$(PROJECT_DIR)/PlacenoteSDK",
					"$(PROJECT_DIR)/PlacenoteSDK/PNSDK",
				);
				OTHER_LDFLAGS = "";
				PRODUCT_BUNDLE_IDENTIFIER = vertical.PlacenoteSDK;
				PRODUCT_NAME = "$(TARGET_NAME)";
				SUPPORTED_PLATFORMS = "iphonesimulator iphoneos";
				SWIFT_OBJC_BRIDGING_HEADER = "PlacenoteSDK/PlacenoteSDK-Bridging-Header.h";
				SWIFT_OPTIMIZATION_LEVEL = "-Onone";
				SWIFT_VERSION = 4.0;
				TARGETED_DEVICE_FAMILY = "1,2";
			};
			name = Debug;
		};
		AF7A14CC1F5A00AE00E0507A /* Release */ = {
			isa = XCBuildConfiguration;
			buildSettings = {
				ARCHS = arm64;
				ASSETCATALOG_COMPILER_APPICON_NAME = AppIcon;
				CLANG_ENABLE_MODULES = YES;
				DEVELOPMENT_TEAM = 76PMXP42RV;
				ENABLE_BITCODE = NO;
				FRAMEWORK_SEARCH_PATHS = (
					"$(inherited)",
					"$(PROJECT_DIR)/Frameworks",
					"$(PROJECT_DIR)/PlacenoteSDK/PNSDK",
				);
				HEADER_SEARCH_PATHS = "$(PROJECT_DIR)/PlacenoteSDK/PNSDK/Placenote.framework/Headers/";
				INFOPLIST_FILE = PlacenoteSDK/Info.plist;
				LD_RUNPATH_SEARCH_PATHS = "$(inherited) @executable_path/Frameworks";
				LIBRARY_SEARCH_PATHS = (
					"$(inherited)",
					"$(PROJECT_DIR)/PlacenoteSDK",
					"$(PROJECT_DIR)/PlacenoteSDK/PNSDK",
				);
				OTHER_LDFLAGS = "";
				PRODUCT_BUNDLE_IDENTIFIER = vertical.PlacenoteSDK;
				PRODUCT_NAME = "$(TARGET_NAME)";
				SUPPORTED_PLATFORMS = "iphonesimulator iphoneos";
				SWIFT_OBJC_BRIDGING_HEADER = "PlacenoteSDK/PlacenoteSDK-Bridging-Header.h";
				SWIFT_VERSION = 4.0;
				TARGETED_DEVICE_FAMILY = "1,2";
			};
			name = Release;
		};
		AF7A14CE1F5A00AE00E0507A /* Debug */ = {
			isa = XCBuildConfiguration;
			buildSettings = {
				ALWAYS_EMBED_SWIFT_STANDARD_LIBRARIES = YES;
				BUNDLE_LOADER = "$(TEST_HOST)";
				INFOPLIST_FILE = PunchARTests/Info.plist;
				LD_RUNPATH_SEARCH_PATHS = "$(inherited) @executable_path/Frameworks @loader_path/Frameworks";
				PRODUCT_BUNDLE_IDENTIFIER = vertical.PunchARTests;
				PRODUCT_NAME = "$(TARGET_NAME)";
				SWIFT_VERSION = 4.0;
				TARGETED_DEVICE_FAMILY = "1,2";
				TEST_HOST = "$(BUILT_PRODUCTS_DIR)/PlacenoteSDK.app/PlacenoteSDK";
			};
			name = Debug;
		};
		AF7A14CF1F5A00AE00E0507A /* Release */ = {
			isa = XCBuildConfiguration;
			buildSettings = {
				ALWAYS_EMBED_SWIFT_STANDARD_LIBRARIES = YES;
				BUNDLE_LOADER = "$(TEST_HOST)";
				INFOPLIST_FILE = PunchARTests/Info.plist;
				LD_RUNPATH_SEARCH_PATHS = "$(inherited) @executable_path/Frameworks @loader_path/Frameworks";
				PRODUCT_BUNDLE_IDENTIFIER = vertical.PunchARTests;
				PRODUCT_NAME = "$(TARGET_NAME)";
				SWIFT_VERSION = 4.0;
				TARGETED_DEVICE_FAMILY = "1,2";
				TEST_HOST = "$(BUILT_PRODUCTS_DIR)/PlacenoteSDK.app/PlacenoteSDK";
			};
			name = Release;
		};
		AF7A14D11F5A00AE00E0507A /* Debug */ = {
			isa = XCBuildConfiguration;
			buildSettings = {
				ALWAYS_EMBED_SWIFT_STANDARD_LIBRARIES = YES;
				INFOPLIST_FILE = PunchARUITests/Info.plist;
				LD_RUNPATH_SEARCH_PATHS = "$(inherited) @executable_path/Frameworks @loader_path/Frameworks";
				PRODUCT_BUNDLE_IDENTIFIER = vertical.PunchARUITests;
				PRODUCT_NAME = "$(TARGET_NAME)";
				SWIFT_VERSION = 4.0;
				TARGETED_DEVICE_FAMILY = "1,2";
				TEST_TARGET_NAME = PunchAR;
			};
			name = Debug;
		};
		AF7A14D21F5A00AE00E0507A /* Release */ = {
			isa = XCBuildConfiguration;
			buildSettings = {
				ALWAYS_EMBED_SWIFT_STANDARD_LIBRARIES = YES;
				INFOPLIST_FILE = PunchARUITests/Info.plist;
				LD_RUNPATH_SEARCH_PATHS = "$(inherited) @executable_path/Frameworks @loader_path/Frameworks";
				PRODUCT_BUNDLE_IDENTIFIER = vertical.PunchARUITests;
				PRODUCT_NAME = "$(TARGET_NAME)";
				SWIFT_VERSION = 4.0;
				TARGETED_DEVICE_FAMILY = "1,2";
				TEST_TARGET_NAME = PunchAR;
			};
			name = Release;
		};
/* End XCBuildConfiguration section */

/* Begin XCConfigurationList section */
		AF7A149B1F5A00AE00E0507A /* Build configuration list for PBXProject "PlacenoteSDK" */ = {
			isa = XCConfigurationList;
			buildConfigurations = (
				AF7A14C81F5A00AE00E0507A /* Debug */,
				AF7A14C91F5A00AE00E0507A /* Release */,
			);
			defaultConfigurationIsVisible = 0;
			defaultConfigurationName = Release;
		};
		AF7A14CA1F5A00AE00E0507A /* Build configuration list for PBXNativeTarget "PlacenoteSDK" */ = {
			isa = XCConfigurationList;
			buildConfigurations = (
				AF7A14CB1F5A00AE00E0507A /* Debug */,
				AF7A14CC1F5A00AE00E0507A /* Release */,
			);
			defaultConfigurationIsVisible = 0;
			defaultConfigurationName = Release;
		};
		AF7A14CD1F5A00AE00E0507A /* Build configuration list for PBXNativeTarget "PlacenoteSDKTests" */ = {
			isa = XCConfigurationList;
			buildConfigurations = (
				AF7A14CE1F5A00AE00E0507A /* Debug */,
				AF7A14CF1F5A00AE00E0507A /* Release */,
			);
			defaultConfigurationIsVisible = 0;
			defaultConfigurationName = Release;
		};
		AF7A14D01F5A00AE00E0507A /* Build configuration list for PBXNativeTarget "PlacenoteSDKUITests" */ = {
			isa = XCConfigurationList;
			buildConfigurations = (
				AF7A14D11F5A00AE00E0507A /* Debug */,
				AF7A14D21F5A00AE00E0507A /* Release */,
			);
			defaultConfigurationIsVisible = 0;
			defaultConfigurationName = Release;
		};
/* End XCConfigurationList section */
	};
	rootObject = AF7A14981F5A00AE00E0507A /* Project object */;
}
